
Microsoft Visual Studio Solution File, Format Version 12.00
# Visual Studio 15
VisualStudioVersion = 15.0.27703.2035
MinimumVisualStudioVersion = 10.0.40219.1
Project("{FAE04EC0-301F-11D3-BF4B-00C04F79EFBC}") = "Console.Test", "Console.Test\Console.Test.csproj", "{06DB3AD0-DEF7-4852-94B4-72BA0D1BA6F5}"
EndProject
Global
	GlobalSection(SolutionConfigurationPlatforms) = preSolution
		Debug|Any CPU = Debug|Any CPU
		Release|Any CPU = Release|Any CPU
	EndGlobalSection
	GlobalSection(ProjectConfigurationPlatforms) = postSolution
		{06DB3AD0-DEF7-4852-94B4-72BA0D1BA6F5}.Debug|Any CPU.ActiveCfg = Debug|Any CPU
		{06DB3AD0-DEF7-4852-94B4-72BA0D1BA6F5}.Debug|Any CPU.Build.0 = Debug|Any CPU
		{06DB3AD0-DEF7-4852-94B4-72BA0D1BA6F5}.Release|Any CPU.ActiveCfg = Release|Any CPU
		{06DB3AD0-DEF7-4852-94B4-72BA0D1BA6F5}.Release|Any CPU.Build.0 = Release|Any CPU
	EndGlobalSection
	GlobalSection(SolutionProperties) = preSolution
		HideSolutionNode = FALSE
	EndGlobalSection
	GlobalSection(ExtensibilityGlobals) = postSolution
		SolutionGuid = {24AC742A-66FF-480B-8DAF-6FDAE6867A18}
	EndGlobalSection
EndGlobal
